
Microsoft Visual Studio Solution File, Format Version 12.00
# Visual Studio 15
VisualStudioVersion = 15.0.27130.2003
MinimumVisualStudioVersion = 10.0.40219.1
Project("{2150E333-8FDC-42A3-9474-1A3956D46DE8}") = "UOM", "UOM", "{3F9E850A-431A-429C-9FAD-402F198AD8DC}"
EndProject
Project("{FAE04EC0-301F-11D3-BF4B-00C04F79EFBC}") = "UOM.Specs", "UOM.Specs\UOM.Specs.csproj", "{730B7CAF-E6CF-42AF-BE2B-418A9E36E383}"
EndProject
Project("{2150E333-8FDC-42A3-9474-1A3956D46DE8}") = "Tests", "Tests", "{887AA31E-F118-434F-8FE0-E8258398F3D4}"
EndProject
Project("{2150E333-8FDC-42A3-9474-1A3956D46DE8}") = "Domain", "Domain", "{3F0C1168-26D5-4172-9923-46AB4B1E9044}"
EndProject
Project("{FAE04EC0-301F-11D3-BF4B-00C04F79EFBC}") = "UOM.Domain", "UOM.Domain\UOM.Domain.csproj", "{EF5F5E4C-ECF4-4C39-8328-D9C53D94F82E}"
EndProject
Project("{FAE04EC0-301F-11D3-BF4B-00C04F79EFBC}") = "UOM.Domain.Tests.Unit", "UOM.Domain.Tests.Unit\UOM.Domain.Tests.Unit.csproj", "{C4D5930B-6C2E-4277-9E9F-5AD31596EBD4}"
EndProject
Project("{2150E333-8FDC-42A3-9474-1A3956D46DE8}") = "Application", "Application", "{384A5F68-2692-4B6D-BBD6-05DDCEF2FAB0}"
EndProject
Project("{FAE04EC0-301F-11D3-BF4B-00C04F79EFBC}") = "UOM.Application", "UOM.Application\UOM.Application.csproj", "{5B906387-2A34-484C-B244-F97341500B03}"
EndProject
Project("{2150E333-8FDC-42A3-9474-1A3956D46DE8}") = "Interface", "Interface", "{86BBC9B5-DE2C-4771-8C06-2C5726D83D03}"
EndProject
Project("{FAE04EC0-301F-11D3-BF4B-00C04F79EFBC}") = "UOM.Interface.RestApi", "UOM.Interface.RestApi\UOM.Interface.RestApi.csproj", "{0A0EE124-3A07-43DB-8A1D-EAA13AD1A0FC}"
EndProject
Project("{FAE04EC0-301F-11D3-BF4B-00C04F79EFBC}") = "UOM.Application.Contracts", "UOM.Application.Contracts\UOM.Application.Contracts.csproj", "{693336B7-66BF-477C-BDFF-4F27260BF6DF}"
EndProject
Project("{2150E333-8FDC-42A3-9474-1A3956D46DE8}") = "Infrastructure", "Infrastructure", "{39F5F652-EDD5-4634-878C-CC2D655EAF14}"
EndProject
Project("{FAE04EC0-301F-11D3-BF4B-00C04F79EFBC}") = "UOM.Config.Castle", "UOM.Config.Castle\UOM.Config.Castle.csproj", "{6AC6C993-401F-4750-8B59-32470A916E4C}"
EndProject
Project("{FAE04EC0-301F-11D3-BF4B-00C04F79EFBC}") = "ServiceHost", "ServiceHost\ServiceHost.csproj", "{A9DC7052-5B7C-4528-A999-6E825FFB13F8}"
EndProject
Project("{2150E333-8FDC-42A3-9474-1A3956D46DE8}") = "Framework", "Framework", "{EDD9DB22-A2CA-4111-ABE3-0D32C31AE536}"
EndProject
Project("{FAE04EC0-301F-11D3-BF4B-00C04F79EFBC}") = "TigerFramework.Application", "TigerFramework.Application\TigerFramework.Application.csproj", "{8866A6E8-34B1-4BDA-8AF4-4DE37C7251CE}"
EndProject
Project("{FAE04EC0-301F-11D3-BF4B-00C04F79EFBC}") = "TigerFramework.Core", "TigerFramework.Core\TigerFramework.Core.csproj", "{6C2329EC-251B-45B6-B7C5-749C1DD92C05}"
EndProject
Project("{FAE04EC0-301F-11D3-BF4B-00C04F79EFBC}") = "TigerFramework.Castle", "TigerFramework.Castle\TigerFramework.Castle.csproj", "{F22A3011-C9AC-4A2F-9D5C-56A421E71B57}"
EndProject
Project("{2150E333-8FDC-42A3-9474-1A3956D46DE8}") = "ProductManagment", "ProductManagment", "{F2CBCFD4-2945-4E8F-ADE1-96B45DF4A10C}"
EndProject
Project("{2150E333-8FDC-42A3-9474-1A3956D46DE8}") = "Specs", "Specs", "{5857A84C-8FB9-4BA7-8FE9-0C3394ED7075}"
EndProject
Project("{FAE04EC0-301F-11D3-BF4B-00C04F79EFBC}") = "ProductManagment.Specs", "ProductManagment.Specs\ProductManagment.Specs.csproj", "{C87F34EA-F588-457D-AFE4-A2153CEB9FDA}"
EndProject
Project("{2150E333-8FDC-42A3-9474-1A3956D46DE8}") = "Domain", "Domain", "{B09A5A2A-EA60-4E63-A353-87F052F2F192}"
EndProject
Project("{FAE04EC0-301F-11D3-BF4B-00C04F79EFBC}") = "UOM.QueryModel", "UOM.QueryModel\UOM.QueryModel.csproj", "{97A03980-A8DE-4F76-BB0B-D57D3E787856}"
EndProject
Project("{FAE04EC0-301F-11D3-BF4B-00C04F79EFBC}") = "UOM.Interface.Facade.Query", "UOM.Interface.Facade.Query\UOM.Interface.Facade.Query.csproj", "{6C72FDD7-F080-407F-AE39-6EA6646374B1}"
EndProject
Project("{FAE04EC0-301F-11D3-BF4B-00C04F79EFBC}") = "UOM.Interface.Facade.Contracts", "UOM.Interface.Facade.Contracts\UOM.Interface.Facade.Contracts.csproj", "{028C6856-8A12-40B4-BC0A-7C2DE1BE3498}"
EndProject
Project("{FAE04EC0-301F-11D3-BF4B-00C04F79EFBC}") = "UOM.Persistence.EF", "UOM.Persistence.EF\UOM.Persistence.EF.csproj", "{FAD64E8E-5269-4C38-953A-90A42DE44E85}"
EndProject
Project("{FAE04EC0-301F-11D3-BF4B-00C04F79EFBC}") = "TigerFramework.EF", "TigerFramework.EF\TigerFramework.EF.csproj", "{C3C12CD2-8D31-492B-A718-9BFA21430C72}"
EndProject
Project("{FAE04EC0-301F-11D3-BF4B-00C04F79EFBC}") = "ProductManagment.Domain.Tests.Unit", "ProductManagment.Domain.Tests.Unit\ProductManagment.Domain.Tests.Unit.csproj", "{27889FDA-96A4-43CC-A0D8-1DB08A6CDA8F}"
EndProject
Project("{FAE04EC0-301F-11D3-BF4B-00C04F79EFBC}") = "ProductManagment.Domain", "ProductManagment.Domain\ProductManagment.Domain.csproj", "{CE320B1F-B047-4FC1-8206-AA33AD1AFF0A}"
EndProject
Global
	GlobalSection(SolutionConfigurationPlatforms) = preSolution
		Debug|Any CPU = Debug|Any CPU
		Release|Any CPU = Release|Any CPU
	EndGlobalSection
	GlobalSection(ProjectConfigurationPlatforms) = postSolution
		{730B7CAF-E6CF-42AF-BE2B-418A9E36E383}.Debug|Any CPU.ActiveCfg = Debug|Any CPU
		{730B7CAF-E6CF-42AF-BE2B-418A9E36E383}.Debug|Any CPU.Build.0 = Debug|Any CPU
		{730B7CAF-E6CF-42AF-BE2B-418A9E36E383}.Release|Any CPU.ActiveCfg = Release|Any CPU
		{730B7CAF-E6CF-42AF-BE2B-418A9E36E383}.Release|Any CPU.Build.0 = Release|Any CPU
		{EF5F5E4C-ECF4-4C39-8328-D9C53D94F82E}.Debug|Any CPU.ActiveCfg = Debug|Any CPU
		{EF5F5E4C-ECF4-4C39-8328-D9C53D94F82E}.Debug|Any CPU.Build.0 = Debug|Any CPU
		{EF5F5E4C-ECF4-4C39-8328-D9C53D94F82E}.Release|Any CPU.ActiveCfg = Release|Any CPU
		{EF5F5E4C-ECF4-4C39-8328-D9C53D94F82E}.Release|Any CPU.Build.0 = Release|Any CPU
		{C4D5930B-6C2E-4277-9E9F-5AD31596EBD4}.Debug|Any CPU.ActiveCfg = Debug|Any CPU
		{C4D5930B-6C2E-4277-9E9F-5AD31596EBD4}.Debug|Any CPU.Build.0 = Debug|Any CPU
		{C4D5930B-6C2E-4277-9E9F-5AD31596EBD4}.Release|Any CPU.ActiveCfg = Release|Any CPU
		{C4D5930B-6C2E-4277-9E9F-5AD31596EBD4}.Release|Any CPU.Build.0 = Release|Any CPU
		{5B906387-2A34-484C-B244-F97341500B03}.Debug|Any CPU.ActiveCfg = Debug|Any CPU
		{5B906387-2A34-484C-B244-F97341500B03}.Debug|Any CPU.Build.0 = Debug|Any CPU
		{5B906387-2A34-484C-B244-F97341500B03}.Release|Any CPU.ActiveCfg = Release|Any CPU
		{5B906387-2A34-484C-B244-F97341500B03}.Release|Any CPU.Build.0 = Release|Any CPU
		{0A0EE124-3A07-43DB-8A1D-EAA13AD1A0FC}.Debug|Any CPU.ActiveCfg = Debug|Any CPU
		{0A0EE124-3A07-43DB-8A1D-EAA13AD1A0FC}.Debug|Any CPU.Build.0 = Debug|Any CPU
		{0A0EE124-3A07-43DB-8A1D-EAA13AD1A0FC}.Release|Any CPU.ActiveCfg = Release|Any CPU
		{0A0EE124-3A07-43DB-8A1D-EAA13AD1A0FC}.Release|Any CPU.Build.0 = Release|Any CPU
		{693336B7-66BF-477C-BDFF-4F27260BF6DF}.Debug|Any CPU.ActiveCfg = Debug|Any CPU
		{693336B7-66BF-477C-BDFF-4F27260BF6DF}.Debug|Any CPU.Build.0 = Debug|Any CPU
		{693336B7-66BF-477C-BDFF-4F27260BF6DF}.Release|Any CPU.ActiveCfg = Release|Any CPU
		{693336B7-66BF-477C-BDFF-4F27260BF6DF}.Release|Any CPU.Build.0 = Release|Any CPU
		{6AC6C993-401F-4750-8B59-32470A916E4C}.Debug|Any CPU.ActiveCfg = Debug|Any CPU
		{6AC6C993-401F-4750-8B59-32470A916E4C}.Debug|Any CPU.Build.0 = Debug|Any CPU
		{6AC6C993-401F-4750-8B59-32470A916E4C}.Release|Any CPU.ActiveCfg = Release|Any CPU
		{6AC6C993-401F-4750-8B59-32470A916E4C}.Release|Any CPU.Build.0 = Release|Any CPU
		{A9DC7052-5B7C-4528-A999-6E825FFB13F8}.Debug|Any CPU.ActiveCfg = Debug|Any CPU
		{A9DC7052-5B7C-4528-A999-6E825FFB13F8}.Debug|Any CPU.Build.0 = Debug|Any CPU
		{A9DC7052-5B7C-4528-A999-6E825FFB13F8}.Release|Any CPU.ActiveCfg = Release|Any CPU
		{A9DC7052-5B7C-4528-A999-6E825FFB13F8}.Release|Any CPU.Build.0 = Release|Any CPU
		{8866A6E8-34B1-4BDA-8AF4-4DE37C7251CE}.Debug|Any CPU.ActiveCfg = Debug|Any CPU
		{8866A6E8-34B1-4BDA-8AF4-4DE37C7251CE}.Debug|Any CPU.Build.0 = Debug|Any CPU
		{8866A6E8-34B1-4BDA-8AF4-4DE37C7251CE}.Release|Any CPU.ActiveCfg = Release|Any CPU
		{8866A6E8-34B1-4BDA-8AF4-4DE37C7251CE}.Release|Any CPU.Build.0 = Release|Any CPU
		{6C2329EC-251B-45B6-B7C5-749C1DD92C05}.Debug|Any CPU.ActiveCfg = Debug|Any CPU
		{6C2329EC-251B-45B6-B7C5-749C1DD92C05}.Debug|Any CPU.Build.0 = Debug|Any CPU
		{6C2329EC-251B-45B6-B7C5-749C1DD92C05}.Release|Any CPU.ActiveCfg = Release|Any CPU
		{6C2329EC-251B-45B6-B7C5-749C1DD92C05}.Release|Any CPU.Build.0 = Release|Any CPU
		{F22A3011-C9AC-4A2F-9D5C-56A421E71B57}.Debug|Any CPU.ActiveCfg = Debug|Any CPU
		{F22A3011-C9AC-4A2F-9D5C-56A421E71B57}.Debug|Any CPU.Build.0 = Debug|Any CPU
		{F22A3011-C9AC-4A2F-9D5C-56A421E71B57}.Release|Any CPU.ActiveCfg = Release|Any CPU
		{F22A3011-C9AC-4A2F-9D5C-56A421E71B57}.Release|Any CPU.Build.0 = Release|Any CPU
		{C87F34EA-F588-457D-AFE4-A2153CEB9FDA}.Debug|Any CPU.ActiveCfg = Debug|Any CPU
		{C87F34EA-F588-457D-AFE4-A2153CEB9FDA}.Debug|Any CPU.Build.0 = Debug|Any CPU
		{C87F34EA-F588-457D-AFE4-A2153CEB9FDA}.Release|Any CPU.ActiveCfg = Release|Any CPU
		{C87F34EA-F588-457D-AFE4-A2153CEB9FDA}.Release|Any CPU.Build.0 = Release|Any CPU
		{97A03980-A8DE-4F76-BB0B-D57D3E787856}.Debug|Any CPU.ActiveCfg = Debug|Any CPU
		{97A03980-A8DE-4F76-BB0B-D57D3E787856}.Debug|Any CPU.Build.0 = Debug|Any CPU
		{97A03980-A8DE-4F76-BB0B-D57D3E787856}.Release|Any CPU.ActiveCfg = Release|Any CPU
		{97A03980-A8DE-4F76-BB0B-D57D3E787856}.Release|Any CPU.Build.0 = Release|Any CPU
		{6C72FDD7-F080-407F-AE39-6EA6646374B1}.Debug|Any CPU.ActiveCfg = Debug|Any CPU
		{6C72FDD7-F080-407F-AE39-6EA6646374B1}.Debug|Any CPU.Build.0 = Debug|Any CPU
		{6C72FDD7-F080-407F-AE39-6EA6646374B1}.Release|Any CPU.ActiveCfg = Release|Any CPU
		{6C72FDD7-F080-407F-AE39-6EA6646374B1}.Release|Any CPU.Build.0 = Release|Any CPU
		{028C6856-8A12-40B4-BC0A-7C2DE1BE3498}.Debug|Any CPU.ActiveCfg = Debug|Any CPU
		{028C6856-8A12-40B4-BC0A-7C2DE1BE3498}.Debug|Any CPU.Build.0 = Debug|Any CPU
		{028C6856-8A12-40B4-BC0A-7C2DE1BE3498}.Release|Any CPU.ActiveCfg = Release|Any CPU
		{028C6856-8A12-40B4-BC0A-7C2DE1BE3498}.Release|Any CPU.Build.0 = Release|Any CPU
		{FAD64E8E-5269-4C38-953A-90A42DE44E85}.Debug|Any CPU.ActiveCfg = Debug|Any CPU
		{FAD64E8E-5269-4C38-953A-90A42DE44E85}.Debug|Any CPU.Build.0 = Debug|Any CPU
		{FAD64E8E-5269-4C38-953A-90A42DE44E85}.Release|Any CPU.ActiveCfg = Release|Any CPU
		{FAD64E8E-5269-4C38-953A-90A42DE44E85}.Release|Any CPU.Build.0 = Release|Any CPU
		{C3C12CD2-8D31-492B-A718-9BFA21430C72}.Debug|Any CPU.ActiveCfg = Debug|Any CPU
		{C3C12CD2-8D31-492B-A718-9BFA21430C72}.Debug|Any CPU.Build.0 = Debug|Any CPU
		{C3C12CD2-8D31-492B-A718-9BFA21430C72}.Release|Any CPU.ActiveCfg = Release|Any CPU
		{C3C12CD2-8D31-492B-A718-9BFA21430C72}.Release|Any CPU.Build.0 = Release|Any CPU
		{27889FDA-96A4-43CC-A0D8-1DB08A6CDA8F}.Debug|Any CPU.ActiveCfg = Debug|Any CPU
		{27889FDA-96A4-43CC-A0D8-1DB08A6CDA8F}.Debug|Any CPU.Build.0 = Debug|Any CPU
		{27889FDA-96A4-43CC-A0D8-1DB08A6CDA8F}.Release|Any CPU.ActiveCfg = Release|Any CPU
		{27889FDA-96A4-43CC-A0D8-1DB08A6CDA8F}.Release|Any CPU.Build.0 = Release|Any CPU
		{CE320B1F-B047-4FC1-8206-AA33AD1AFF0A}.Debug|Any CPU.ActiveCfg = Debug|Any CPU
		{CE320B1F-B047-4FC1-8206-AA33AD1AFF0A}.Debug|Any CPU.Build.0 = Debug|Any CPU
		{CE320B1F-B047-4FC1-8206-AA33AD1AFF0A}.Release|Any CPU.ActiveCfg = Release|Any CPU
		{CE320B1F-B047-4FC1-8206-AA33AD1AFF0A}.Release|Any CPU.Build.0 = Release|Any CPU
	EndGlobalSection
	GlobalSection(SolutionProperties) = preSolution
		HideSolutionNode = FALSE
	EndGlobalSection
	GlobalSection(NestedProjects) = preSolution
		{730B7CAF-E6CF-42AF-BE2B-418A9E36E383} = {887AA31E-F118-434F-8FE0-E8258398F3D4}
		{887AA31E-F118-434F-8FE0-E8258398F3D4} = {3F9E850A-431A-429C-9FAD-402F198AD8DC}
		{3F0C1168-26D5-4172-9923-46AB4B1E9044} = {3F9E850A-431A-429C-9FAD-402F198AD8DC}
		{EF5F5E4C-ECF4-4C39-8328-D9C53D94F82E} = {3F0C1168-26D5-4172-9923-46AB4B1E9044}
		{C4D5930B-6C2E-4277-9E9F-5AD31596EBD4} = {3F0C1168-26D5-4172-9923-46AB4B1E9044}
		{384A5F68-2692-4B6D-BBD6-05DDCEF2FAB0} = {3F9E850A-431A-429C-9FAD-402F198AD8DC}
		{5B906387-2A34-484C-B244-F97341500B03} = {384A5F68-2692-4B6D-BBD6-05DDCEF2FAB0}
		{86BBC9B5-DE2C-4771-8C06-2C5726D83D03} = {3F9E850A-431A-429C-9FAD-402F198AD8DC}
		{0A0EE124-3A07-43DB-8A1D-EAA13AD1A0FC} = {86BBC9B5-DE2C-4771-8C06-2C5726D83D03}
		{693336B7-66BF-477C-BDFF-4F27260BF6DF} = {384A5F68-2692-4B6D-BBD6-05DDCEF2FAB0}
		{39F5F652-EDD5-4634-878C-CC2D655EAF14} = {3F9E850A-431A-429C-9FAD-402F198AD8DC}
		{6AC6C993-401F-4750-8B59-32470A916E4C} = {39F5F652-EDD5-4634-878C-CC2D655EAF14}
		{8866A6E8-34B1-4BDA-8AF4-4DE37C7251CE} = {EDD9DB22-A2CA-4111-ABE3-0D32C31AE536}
		{6C2329EC-251B-45B6-B7C5-749C1DD92C05} = {EDD9DB22-A2CA-4111-ABE3-0D32C31AE536}
		{F22A3011-C9AC-4A2F-9D5C-56A421E71B57} = {EDD9DB22-A2CA-4111-ABE3-0D32C31AE536}
		{5857A84C-8FB9-4BA7-8FE9-0C3394ED7075} = {F2CBCFD4-2945-4E8F-ADE1-96B45DF4A10C}
		{C87F34EA-F588-457D-AFE4-A2153CEB9FDA} = {5857A84C-8FB9-4BA7-8FE9-0C3394ED7075}
		{B09A5A2A-EA60-4E63-A353-87F052F2F192} = {F2CBCFD4-2945-4E8F-ADE1-96B45DF4A10C}
		{97A03980-A8DE-4F76-BB0B-D57D3E787856} = {39F5F652-EDD5-4634-878C-CC2D655EAF14}
		{6C72FDD7-F080-407F-AE39-6EA6646374B1} = {86BBC9B5-DE2C-4771-8C06-2C5726D83D03}
		{028C6856-8A12-40B4-BC0A-7C2DE1BE3498} = {86BBC9B5-DE2C-4771-8C06-2C5726D83D03}
		{FAD64E8E-5269-4C38-953A-90A42DE44E85} = {39F5F652-EDD5-4634-878C-CC2D655EAF14}
		{C3C12CD2-8D31-492B-A718-9BFA21430C72} = {EDD9DB22-A2CA-4111-ABE3-0D32C31AE536}
		{27889FDA-96A4-43CC-A0D8-1DB08A6CDA8F} = {B09A5A2A-EA60-4E63-A353-87F052F2F192}
		{CE320B1F-B047-4FC1-8206-AA33AD1AFF0A} = {B09A5A2A-EA60-4E63-A353-87F052F2F192}
	EndGlobalSection
	GlobalSection(ExtensibilityGlobals) = postSolution
		SolutionGuid = {0957BDD0-6724-47D5-B0CF-5B906287BC0D}
	EndGlobalSection
EndGlobal
